{
  "version": 2,
  "dependencies": {
    ".NETFramework,Version=v4.8": {
      "Microsoft.NET.Test.Sdk": {
        "type": "Direct",
        "requested": "[17.8.0, )",
        "resolved": "17.8.0",
        "contentHash": "BmTYGbD/YuDHmApIENdoyN1jCk0Rj1fJB0+B/fVekyTdVidr91IlzhqzytiUgaEAzL1ZJcYCme0MeBMYvJVzvw==",
        "dependencies": {
          "Microsoft.CodeCoverage": "17.8.0"
        }
      },
      "Microsoft.NETFramework.ReferenceAssemblies": {
        "type": "Direct",
        "requested": "[1.0.3, )",
        "resolved": "1.0.3",
        "contentHash": "vUc9Npcs14QsyOD01tnv/m8sQUnGTGOw1BCmKcv77LBJY7OxhJ+zJF7UD/sCL3lYNFuqmQEVlkfS4Quif6FyYg==",
        "dependencies": {
          "Microsoft.NETFramework.ReferenceAssemblies.net48": "1.0.3"
        }
      },
      "NUnit": {
        "type": "Direct",
        "requested": "[3.14.0, )",
        "resolved": "3.14.0",
        "contentHash": "R7iPwD7kbOaP3o2zldWJbWeMQAvDKD0uld27QvA3PAALl1unl7x0v2J7eGiJOYjimV/BuGT4VJmr45RjS7z4LA=="
      },
      "NUnit3TestAdapter": {
        "type": "Direct",
        "requested": "[4.5.0, )",
        "resolved": "4.5.0",
        "contentHash": "s8JpqTe9bI2f49Pfr3dFRfoVSuFQyraTj68c3XXjIS/MRGvvkLnrg6RLqnTjdShX+AdFUCCU/4Xex58AdUfs6A=="
      },
      "DocumentFormat.OpenXml.Framework": {
        "type": "Transitive",
        "resolved": "3.0.2",
        "contentHash": "ILRCJu2dUJDv27ZCQDftD7AZSuBgKg+ZSUF9dg2dk8qcIED7oM42y/cvZIm0mev80nj2QMzpxthX87+AebzHug=="
      },
      "Microsoft.CodeCoverage": {
        "type": "Transitive",
        "resolved": "17.8.0",
        "contentHash": "KC8SXWbGIdoFVdlxKk9WHccm0llm9HypcHMLUUFabRiTS3SO2fQXNZfdiF3qkEdTJhbRrxhdRxjL4jbtwPq4Ew=="
      },
      "Microsoft.NETFramework.ReferenceAssemblies.net48": {
        "type": "Transitive",
        "resolved": "1.0.3",
        "contentHash": "zMk4D+9zyiEWByyQ7oPImPN/Jhpj166Ky0Nlla4eXlNL8hI/BtSJsgR8Inldd4NNpIAH3oh8yym0W2DrhXdSLQ=="
      },
      "justified.specificationreflow.autocad.application": {
        "type": "Project",
        "dependencies": {
          "Justified.SpecificationReflow.AutoCAD.Contracts": "[0.1.0, )",
          "Justified.SpecificationReflow.AutoCAD.DocumentCore": "[0.1.0, )"
        }
      },
      "justified.specificationreflow.autocad.contracts": {
        "type": "Project"
      },
      "justified.specificationreflow.autocad.documentcore": {
        "type": "Project",
        "dependencies": {
          "Justified.SpecificationReflow.AutoCAD.Contracts": "[0.1.0, )",
          "Newtonsoft.Json": "[13.0.3, )"
        }
      },
      "justified.specificationreflow.autocad.docxadapter": {
        "type": "Project",
        "dependencies": {
          "DocumentFormat.OpenXml": "[3.0.2, )",
          "Justified.SpecificationReflow.AutoCAD.Contracts": "[0.1.0, )"
        }
      },
      "justified.specificationreflow.autocad.layoutengine": {
        "type": "Project",
        "dependencies": {
          "Justified.SpecificationReflow.AutoCAD.Contracts": "[0.1.0, )"
        }
      },
      "justified.specificationreflow.autocad.setupcore": {
        "type": "Project",
        "dependencies": {
          "Newtonsoft.Json": "[13.0.3, )"
        }
      },
      "justified.specificationreflow.autocad.standards": {
        "type": "Project",
        "dependencies": {
          "Justified.SpecificationReflow.AutoCAD.Contracts": "[0.1.0, )",
          "Newtonsoft.Json": "[13.0.3, )"
        }
      },
      "DocumentFormat.OpenXml": {
        "type": "CentralTransitive",
        "requested": "[3.0.2, )",
        "resolved": "3.0.2",
        "contentHash": "gqjP/BxKWgwAWwPAN+RpKaMOiidPM07F+mAxiiW184/MnkHnkk12Qo7cRB0wuq4kOZUrUzQ9EUO966hUy/wKBw==",
        "dependencies": {
          "DocumentFormat.OpenXml.Framework": "3.0.2"
        }
      },
      "Newtonsoft.Json": {
        "type": "CentralTransitive",
        "requested": "[13.0.3, )",
        "resolved": "13.0.3",
        "contentHash": "HrC5BXdl00IP9zeV+0Z848QWPAoCr9P3bDEZguI+gkLcBKAOxix/tLEAAHC+UvDNPv4a2d18lOReHMOagPa+zQ=="
      }
    },
    "net8.0": {
      "Microsoft.NET.Test.Sdk": {
        "type": "Direct",
        "requested": "[17.8.0, )",
        "resolved": "17.8.0",
        "contentHash": "BmTYGbD/YuDHmApIENdoyN1jCk0Rj1fJB0+B/fVekyTdVidr91IlzhqzytiUgaEAzL1ZJcYCme0MeBMYvJVzvw==",
        "dependencies": {
          "Microsoft.CodeCoverage": "17.8.0",
          "Microsoft.TestPlatform.TestHost": "17.8.0"
        }
      },
      "NUnit": {
        "type": "Direct",
        "requested": "[3.14.0, )",
        "resolved": "3.14.0",
        "contentHash": "R7iPwD7kbOaP3o2zldWJbWeMQAvDKD0uld27QvA3PAALl1unl7x0v2J7eGiJOYjimV/BuGT4VJmr45RjS7z4LA==",
        "dependencies": {
          "NETStandard.Library": "2.0.0"
        }
      },
      "NUnit3TestAdapter": {
        "type": "Direct",
        "requested": "[4.5.0, )",
        "resolved": "4.5.0",
        "contentHash": "s8JpqTe9bI2f49Pfr3dFRfoVSuFQyraTj68c3XXjIS/MRGvvkLnrg6RLqnTjdShX+AdFUCCU/4Xex58AdUfs6A=="
      },
      "DocumentFormat.OpenXml.Framework": {
        "type": "Transitive",
        "resolved": "3.0.2",
        "contentHash": "ILRCJu2dUJDv27ZCQDftD7AZSuBgKg+ZSUF9dg2dk8qcIED7oM42y/cvZIm0mev80nj2QMzpxthX87+AebzHug==",
        "dependencies": {
          "System.IO.Packaging": "8.0.0"
        }
      },
      "Microsoft.CodeCoverage": {
        "type": "Transitive",
        "resolved": "17.8.0",
        "contentHash": "KC8SXWbGIdoFVdlxKk9WHccm0llm9HypcHMLUUFabRiTS3SO2fQXNZfdiF3qkEdTJhbRrxhdRxjL4jbtwPq4Ew=="
      },
      "Microsoft.NETCore.Platforms": {
        "type": "Transitive",
        "resolved": "1.1.0",
        "contentHash": "kz0PEW2lhqygehI/d6XsPCQzD7ff7gUJaVGPVETX611eadGsA3A877GdSlU0LRVMCTH/+P3o2iDTak+S08V2+A=="
      },
      "Microsoft.TestPlatform.ObjectModel": {
        "type": "Transitive",
        "resolved": "17.8.0",
        "contentHash": "AYy6vlpGMfz5kOFq99L93RGbqftW/8eQTqjT9iGXW6s9MRP3UdtY8idJ8rJcjeSja8A18IhIro5YnH3uv1nz4g==",
        "dependencies": {
          "NuGet.Frameworks": "6.5.0",
          "System.Reflection.Metadata": "1.6.0"
        }
      },
      "Microsoft.TestPlatform.TestHost": {
        "type": "Transitive",
        "resolved": "17.8.0",
        "contentHash": "9ivcl/7SGRmOT0YYrHQGohWiT5YCpkmy/UEzldfVisLm6QxbLaK3FAJqZXI34rnRLmqqDCeMQxKINwmKwAPiDw==",
        "dependencies": {
          "Microsoft.TestPlatform.ObjectModel": "17.8.0",
          "Newtonsoft.Json": "13.0.1"
        }
      },
      "NETStandard.Library": {
        "type": "Transitive",
        "resolved": "2.0.0",
        "contentHash": "7jnbRU+L08FXKMxqUflxEXtVymWvNOrS8yHgu9s6EM8Anr6T/wIX4nZ08j/u3Asz+tCufp3YVwFSEvFTPYmBPA==",
        "dependencies": {
          "Microsoft.NETCore.Platforms": "1.1.0"
        }
      },
      "NuGet.Frameworks": {
        "type": "Transitive",
        "resolved": "6.5.0",
        "contentHash": "QWINE2x3MbTODsWT1Gh71GaGb5icBz4chS8VYvTgsBnsi8esgN6wtHhydd7fvToWECYGq7T4cgBBDiKD/363fg=="
      },
      "System.IO.Packaging": {
        "type": "Transitive",
        "resolved": "8.0.0",
        "contentHash": "8g1V4YRpdGAxFcK8v9OjuMdIOJSpF30Zb1JGicwVZhly3I994WFyBdV6mQEo8d3T+URQe55/M0U0eIH0Hts1bg=="
      },
      "System.Reflection.Metadata": {
        "type": "Transitive",
        "resolved": "1.6.0",
        "contentHash": "COC1aiAJjCoA5GBF+QKL2uLqEBew4JsCkQmoHKbN3TlOZKa2fKLz5CpiRQKDz0RsAOEGsVKqOD5bomsXq/4STQ=="
      },
      "justified.specificationreflow.autocad.application": {
        "type": "Project",
        "dependencies": {
          "Justified.SpecificationReflow.AutoCAD.Contracts": "[0.1.0, )",
          "Justified.SpecificationReflow.AutoCAD.DocumentCore": "[0.1.0, )"
        }
      },
      "justified.specificationreflow.autocad.contracts": {
        "type": "Project"
      },
      "justified.specificationreflow.autocad.documentcore": {
        "type": "Project",
        "dependencies": {
          "Justified.SpecificationReflow.AutoCAD.Contracts": "[0.1.0, )",
          "Newtonsoft.Json": "[13.0.3, )"
        }
      },
      "justified.specificationreflow.autocad.docxadapter": {
        "type": "Project",
        "dependencies": {
          "DocumentFormat.OpenXml": "[3.0.2, )",
          "Justified.SpecificationReflow.AutoCAD.Contracts": "[0.1.0, )"
        }
      },
      "justified.specificationreflow.autocad.layoutengine": {
        "type": "Project",
        "dependencies": {
          "Justified.SpecificationReflow.AutoCAD.Contracts": "[0.1.0, )"
        }
      },
      "justified.specificationreflow.autocad.setupcore": {
        "type": "Project",
        "dependencies": {
          "Newtonsoft.Json": "[13.0.3, )"
        }
      },
      "justified.specificationreflow.autocad.standards": {
        "type": "Project",
        "dependencies": {
          "Justified.SpecificationReflow.AutoCAD.Contracts": "[0.1.0, )",
          "Newtonsoft.Json": "[13.0.3, )"
        }
      },
      "DocumentFormat.OpenXml": {
        "type": "CentralTransitive",
        "requested": "[3.0.2, )",
        "resolved": "3.0.2",
        "contentHash": "gqjP/BxKWgwAWwPAN+RpKaMOiidPM07F+mAxiiW184/MnkHnkk12Qo7cRB0wuq4kOZUrUzQ9EUO966hUy/wKBw==",
        "dependencies": {
          "DocumentFormat.OpenXml.Framework": "3.0.2"
        }
      },
      "Newtonsoft.Json": {
        "type": "CentralTransitive",
        "requested": "[13.0.3, )",
        "resolved": "13.0.3",
        "contentHash": "HrC5BXdl00IP9zeV+0Z848QWPAoCr9P3bDEZguI+gkLcBKAOxix/tLEAAHC+UvDNPv4a2d18lOReHMOagPa+zQ=="
      }
    }
  }
}